{
  "projects": [
    {
      "projectId": "seaQhLVS4bbjiGvJJrRwyL",
      "version": "15.0.3",
      "dependencies": {},
      "lang": "js",
      "fileLocks": [
        {
          "assetId": "seaQhLVS4bbjiGvJJrRwyL",
          "type": "projectCss",
          "checksum": "ece20f44556ec6d6230797947e2125ef"
        }
      ]
    },
    {
      "projectId": "doqqBYaWyoDkH95Fx1Fcw5",
      "version": "latest",
      "dependencies": {
        "seaQhLVS4bbjiGvJJrRwyL": "15.0.3"
      },
      "lang": "js",
      "fileLocks": [
        {
          "type": "globalVariant",
          "assetId": "EzDhBpsZrQd8",
          "checksum": "789b5539206b8d98896e6cc828dd519c"
        },
        {
          "type": "renderModule",
          "assetId": "DR0rcF1OhEh",
          "checksum": "f91f0acc09321d6abc0e92b4cf059ab9"
        },
        {
          "type": "cssRules",
          "assetId": "DR0rcF1OhEh",
          "checksum": "f91f0acc09321d6abc0e92b4cf059ab9"
        },
        {
          "type": "renderModule",
          "assetId": "lMgI0yXdacd",
          "checksum": "6e035c2d44cd8701741d4b7451c81b81"
        },
        {
          "type": "cssRules",
          "assetId": "lMgI0yXdacd",
          "checksum": "6e035c2d44cd8701741d4b7451c81b81"
        },
        {
          "type": "renderModule",
          "assetId": "8bKqTYY3rib",
          "checksum": "bf99a991d8d639a9927a2960b7b211a9"
        },
        {
          "type": "cssRules",
          "assetId": "8bKqTYY3rib",
          "checksum": "bf99a991d8d639a9927a2960b7b211a9"
        },
        {
          "type": "renderModule",
          "assetId": "n_vBK1v_NBk",
          "checksum": "d0b82e189e37126306cbce24743ff1c2"
        },
        {
          "type": "cssRules",
          "assetId": "n_vBK1v_NBk",
          "checksum": "d0b82e189e37126306cbce24743ff1c2"
        },
        {
          "type": "renderModule",
          "assetId": "dG6JOly9nPQ",
          "checksum": "47093dd396bb1ea1d8db6693236a4a51"
        },
        {
          "type": "cssRules",
          "assetId": "dG6JOly9nPQ",
          "checksum": "47093dd396bb1ea1d8db6693236a4a51"
        },
        {
          "type": "renderModule",
          "assetId": "Y03F2SzngKc",
          "checksum": "377a865df926fc308febd66fb4c0e52b"
        },
        {
          "type": "cssRules",
          "assetId": "Y03F2SzngKc",
          "checksum": "377a865df926fc308febd66fb4c0e52b"
        },
        {
          "type": "renderModule",
          "assetId": "gdqDcFEklTJp",
          "checksum": "af32450537cd2d3bd9c74db8e1d1a995"
        },
        {
          "type": "cssRules",
          "assetId": "gdqDcFEklTJp",
          "checksum": "af32450537cd2d3bd9c74db8e1d1a995"
        },
        {
          "type": "renderModule",
          "assetId": "AtMZbr2aHA",
          "checksum": "90387abfe1ea2554ac300110efb4a873"
        },
        {
          "type": "cssRules",
          "assetId": "AtMZbr2aHA",
          "checksum": "90387abfe1ea2554ac300110efb4a873"
        },
        {
          "type": "renderModule",
          "assetId": "jcBYij3XjfS",
          "checksum": "8d2f2b06c7be6a570befb951ea71f208"
        },
        {
          "type": "cssRules",
          "assetId": "jcBYij3XjfS",
          "checksum": "8d2f2b06c7be6a570befb951ea71f208"
        },
        {
          "type": "renderModule",
          "assetId": "z_3Em9AZdlr",
          "checksum": "3f89b6084887ab229429341a764b0e61"
        },
        {
          "type": "cssRules",
          "assetId": "z_3Em9AZdlr",
          "checksum": "3f89b6084887ab229429341a764b0e61"
        },
        {
          "type": "renderModule",
          "assetId": "99SDX6BCO1E",
          "checksum": "3ec2763a557e0518fd79007e6dd28700"
        },
        {
          "type": "cssRules",
          "assetId": "99SDX6BCO1E",
          "checksum": "3ec2763a557e0518fd79007e6dd28700"
        },
        {
          "type": "renderModule",
          "assetId": "B86J7ZdFwg8",
          "checksum": "62b69efdf538fac5775805a503421bcf"
        },
        {
          "type": "cssRules",
          "assetId": "B86J7ZdFwg8",
          "checksum": "62b69efdf538fac5775805a503421bcf"
        },
        {
          "type": "renderModule",
          "assetId": "CvHKSzfiMk9",
          "checksum": "d1e3424f813bf45949bdf623d2d703c8"
        },
        {
          "type": "cssRules",
          "assetId": "CvHKSzfiMk9",
          "checksum": "d1e3424f813bf45949bdf623d2d703c8"
        },
        {
          "type": "renderModule",
          "assetId": "EED9Sa016sI",
          "checksum": "dff2ffc56d52374fd93053f0eace4d8e"
        },
        {
          "type": "cssRules",
          "assetId": "EED9Sa016sI",
          "checksum": "dff2ffc56d52374fd93053f0eace4d8e"
        },
        {
          "type": "renderModule",
          "assetId": "8HhDVoN451Z",
          "checksum": "1dee0108d1fe3909204e2e78be9d1d3d"
        },
        {
          "type": "cssRules",
          "assetId": "8HhDVoN451Z",
          "checksum": "1dee0108d1fe3909204e2e78be9d1d3d"
        },
        {
          "type": "renderModule",
          "assetId": "20t1qijZHMeb",
          "checksum": "74800d376cf17874592c7678a934fd02"
        },
        {
          "type": "cssRules",
          "assetId": "20t1qijZHMeb",
          "checksum": "74800d376cf17874592c7678a934fd02"
        },
        {
          "type": "renderModule",
          "assetId": "guYt0oG3Lnxr",
          "checksum": "95491c753b28dd7bf2dfa2010af73b02"
        },
        {
          "type": "cssRules",
          "assetId": "guYt0oG3Lnxr",
          "checksum": "95491c753b28dd7bf2dfa2010af73b02"
        },
        {
          "type": "icon",
          "assetId": "-XWTvXa_rMAk",
          "checksum": "a5b3c84c20237d338a312be6c4275a50"
        },
        {
          "type": "icon",
          "assetId": "xYs3N4j3bAy-",
          "checksum": "38c887817099171ea2a097c696706d3d"
        },
        {
          "type": "icon",
          "assetId": "TX9xlFZTxBxL",
          "checksum": "1acf06545943eb435f2942fcfca09b1a"
        },
        {
          "type": "icon",
          "assetId": "R6awgk03_9T-",
          "checksum": "1b7e15d8ad7e71e56f2072e755a38096"
        },
        {
          "type": "icon",
          "assetId": "kvhzFbMVyF6d",
          "checksum": "318e09e6f92d7502a84f9d0a167ea800"
        },
        {
          "type": "icon",
          "assetId": "oKlzkj_C5s3-",
          "checksum": "973c13546acf322690ae8d0b522f3e0c"
        },
        {
          "type": "icon",
          "assetId": "rkkAGLPs1BJO",
          "checksum": "f03ec3598db7141b013670ca7d1f6f54"
        },
        {
          "type": "icon",
          "assetId": "_toDucCYAQ53",
          "checksum": "f2fa0f1ca4571507d28a7244cb948849"
        },
        {
          "type": "icon",
          "assetId": "8OpjGr6MrJGl",
          "checksum": "dd1acb05dd040fac735656f05e9aac99"
        },
        {
          "type": "icon",
          "assetId": "w-oAZg_ph54X",
          "checksum": "9f7b49d8666502e1f05ba13b6a01090b"
        },
        {
          "type": "icon",
          "assetId": "8p-uyS7x0Bsn",
          "checksum": "2edf866f2f710d11956378e0b8b237f3"
        },
        {
          "type": "icon",
          "assetId": "yXaWtBe0AIwT",
          "checksum": "a551f5da731a86cc35a59d688531fd62"
        },
        {
          "type": "icon",
          "assetId": "4bIikSsL2Dsu",
          "checksum": "38d8f45c607c0e557e9fc83c3cbf695f"
        },
        {
          "type": "icon",
          "assetId": "nnuKAmfsCqGx",
          "checksum": "70e8387a5d636de89ad69532d7a05e14"
        },
        {
          "type": "icon",
          "assetId": "NG1s9cdllUKp",
          "checksum": "51a894744e64caf709788f90459bae3d"
        },
        {
          "type": "icon",
          "assetId": "Ssl_EbA2svTw",
          "checksum": "e542fd3238e7ae20218282ffa7190f08"
        },
        {
          "type": "icon",
          "assetId": "uzHXfLA01PUw",
          "checksum": "b2c8b26bda29195dfd63a0a698439478"
        },
        {
          "type": "icon",
          "assetId": "-5RNPNzkJDcU",
          "checksum": "d24cf98d5a5b80928bf60a412b4c7f8a"
        },
        {
          "type": "icon",
          "assetId": "xpS0XUDTVivE",
          "checksum": "42fea074a23b2b0a10e89b170bf0522d"
        },
        {
          "type": "icon",
          "assetId": "rvGSXAZ-itBg",
          "checksum": "a7c37e53e5793d35374991ceb065b002"
        },
        {
          "type": "icon",
          "assetId": "qkIVDSG7aE93",
          "checksum": "bb0e0f1f2fd52860a0e5fb8b987733f3"
        },
        {
          "type": "icon",
          "assetId": "dVyICpirHt7C",
          "checksum": "8d748a18809c0e1a9bbf9301f72c05e4"
        },
        {
          "type": "image",
          "assetId": "5d0YDAgxf-eK",
          "checksum": "f0888f38efbc239587d01f0047e2d1bb"
        },
        {
          "type": "image",
          "assetId": "unRVcoLjqaN4",
          "checksum": "df477d8044fe75bbf7abd71d042c5b2f"
        },
        {
          "type": "image",
          "assetId": "kqhxdtlfDrmB",
          "checksum": "c464a451f7532a6ae2a692b3886632fb"
        },
        {
          "type": "image",
          "assetId": "Dr3MLwOQI6yO",
          "checksum": "cdde9aeb2fc0cb6f207a502671262a21"
        },
        {
          "type": "image",
          "assetId": "mxWtNAoPQ",
          "checksum": "ca3f50ea465759c2a19f12c3fe388581"
        },
        {
          "type": "image",
          "assetId": "ZEJY9jGU4",
          "checksum": "c3cee92953fdf66878ab2138b70b5667"
        },
        {
          "type": "image",
          "assetId": "hN4P4w6ZM",
          "checksum": "06f5a54b394c469b202e9e1007476e09"
        },
        {
          "type": "image",
          "assetId": "trxQbPuWS",
          "checksum": "d7f9de3b7b209480b816fd0a8534ca4b"
        },
        {
          "type": "image",
          "assetId": "I8GWaO2f1",
          "checksum": "d3770796e597f9d0748e10c72fcbf806"
        },
        {
          "type": "image",
          "assetId": "Y7opuDfnS",
          "checksum": "12542338f61f14cc8f8b4d30f2a5d194"
        },
        {
          "type": "image",
          "assetId": "U3kvDjpIB",
          "checksum": "06650327a2a62db2fc4852aae50f954c"
        },
        {
          "type": "image",
          "assetId": "aDXpNHwVj",
          "checksum": "bfdf4c69b76c88d203e9c345a8adfdf2"
        },
        {
          "type": "image",
          "assetId": "a9ZqmCLjH",
          "checksum": "20fe10b6ba6c393602e9224152a3fcb9"
        },
        {
          "type": "image",
          "assetId": "tFxEjB1ql",
          "checksum": "452fab023fd44f333709448d91882abd"
        },
        {
          "type": "image",
          "assetId": "JX_h9oGUW",
          "checksum": "458635b5b280cffeb712c0fe51e14ccc"
        },
        {
          "type": "image",
          "assetId": "ej1T7Q7Ax",
          "checksum": "5bd2281a76fa8babccac19dc239b712f"
        },
        {
          "type": "image",
          "assetId": "vukhQ5dKk",
          "checksum": "c8bcd4334548bdd95d7522c86d1fc67c"
        },
        {
          "type": "image",
          "assetId": "ka-HT9bXe",
          "checksum": "0d41f4717a005aad5c4f1859f3a7e2e0"
        },
        {
          "type": "image",
          "assetId": "JRgO7RC_V",
          "checksum": "47d97150f1df06301830f56ce075a3b9"
        },
        {
          "type": "image",
          "assetId": "77pWpsbh6",
          "checksum": "9b63084624a99b1f37b2c267ae620835"
        },
        {
          "type": "image",
          "assetId": "nSH10TtzX",
          "checksum": "3eb4915f58a6c5162c8a657499e33262"
        },
        {
          "type": "image",
          "assetId": "j-K3I-5ry",
          "checksum": "5dbb5c9f0ede7e3a901e98103703d36a"
        },
        {
          "type": "image",
          "assetId": "8MjU1Pwau",
          "checksum": "b585c2aed92726d9551aeadbab9038de"
        },
        {
          "type": "image",
          "assetId": "fc5J7oxcM",
          "checksum": "fe5849cd257ef1762f5740ccaf73a154"
        },
        {
          "type": "image",
          "assetId": "DzZ0lvcNd",
          "checksum": "83f8823f3c41f00e3f46e1e9d7eb4a70"
        },
        {
          "type": "image",
          "assetId": "3C06yzhQM",
          "checksum": "ecb024e48d0fabea3ff5194e3e080cf6"
        },
        {
          "type": "image",
          "assetId": "YSlACbaJW",
          "checksum": "550782047730a42811bacdff91b265b1"
        },
        {
          "type": "image",
          "assetId": "wDI0R7MB5",
          "checksum": "6dbc7dde2109aeddb839db1928b8af2b"
        },
        {
          "type": "image",
          "assetId": "okC66swTw",
          "checksum": "d90c9113b92b330c3f98e42f65d14752"
        },
        {
          "type": "image",
          "assetId": "nkGDte0dN",
          "checksum": "3cbccbfd07125d3716bc6aea28542692"
        },
        {
          "type": "image",
          "assetId": "GG207o2a3",
          "checksum": "6cbfbfb2b183816f5f73e62538bb4c69"
        },
        {
          "assetId": "doqqBYaWyoDkH95Fx1Fcw5",
          "type": "projectCss",
          "checksum": "16fe67ee0be4327b1f4b8553576c69d6"
        }
      ]
    }
  ],
  "cliVersion": "0.1.166"
}
