{
  "projects": [
    {
      "projectId": "seaQhLVS4bbjiGvJJrRwyL",
      "version": "15.0.3",
      "dependencies": {},
      "lang": "js",
      "fileLocks": [
        {
          "assetId": "seaQhLVS4bbjiGvJJrRwyL",
          "type": "projectCss",
          "checksum": "ece20f44556ec6d6230797947e2125ef"
        }
      ]
    },
    {
      "projectId": "doqqBYaWyoDkH95Fx1Fcw5",
      "version": "latest",
      "dependencies": {
        "seaQhLVS4bbjiGvJJrRwyL": "15.0.3"
      },
      "lang": "js",
      "fileLocks": [
        {
          "type": "globalVariant",
          "assetId": "EzDhBpsZrQd8",
          "checksum": "789b5539206b8d98896e6cc828dd519c"
        },
        {
          "type": "renderModule",
          "assetId": "DR0rcF1OhEh",
          "checksum": "85f219ac5d1915c841717a32998167ae"
        },
        {
          "type": "cssRules",
          "assetId": "DR0rcF1OhEh",
          "checksum": "85f219ac5d1915c841717a32998167ae"
        },
        {
          "type": "renderModule",
          "assetId": "lMgI0yXdacd",
          "checksum": "1366bc3efff9481fe724d5d34565f60a"
        },
        {
          "type": "cssRules",
          "assetId": "lMgI0yXdacd",
          "checksum": "1366bc3efff9481fe724d5d34565f60a"
        },
        {
          "type": "renderModule",
          "assetId": "8bKqTYY3rib",
          "checksum": "b4ea4aa51be6f1d365b4c56cf7e390c0"
        },
        {
          "type": "cssRules",
          "assetId": "8bKqTYY3rib",
          "checksum": "b4ea4aa51be6f1d365b4c56cf7e390c0"
        },
        {
          "type": "renderModule",
          "assetId": "n_vBK1v_NBk",
          "checksum": "1aad74b880d091ec5659bf09a713e64b"
        },
        {
          "type": "cssRules",
          "assetId": "n_vBK1v_NBk",
          "checksum": "1aad74b880d091ec5659bf09a713e64b"
        },
        {
          "type": "renderModule",
          "assetId": "dG6JOly9nPQ",
          "checksum": "e5482c9a8f13464606218778161d08e3"
        },
        {
          "type": "cssRules",
          "assetId": "dG6JOly9nPQ",
          "checksum": "e5482c9a8f13464606218778161d08e3"
        },
        {
          "type": "renderModule",
          "assetId": "Y03F2SzngKc",
          "checksum": "38731785d32e4787b1efe4e6584f8978"
        },
        {
          "type": "cssRules",
          "assetId": "Y03F2SzngKc",
          "checksum": "38731785d32e4787b1efe4e6584f8978"
        },
        {
          "type": "renderModule",
          "assetId": "gdqDcFEklTJp",
          "checksum": "e476a5628be0abe324839fb12e7f4af0"
        },
        {
          "type": "cssRules",
          "assetId": "gdqDcFEklTJp",
          "checksum": "e476a5628be0abe324839fb12e7f4af0"
        },
        {
          "type": "renderModule",
          "assetId": "AtMZbr2aHA",
          "checksum": "2b40d52a7df57a095d3f89ccdfc04170"
        },
        {
          "type": "cssRules",
          "assetId": "AtMZbr2aHA",
          "checksum": "2b40d52a7df57a095d3f89ccdfc04170"
        },
        {
          "type": "renderModule",
          "assetId": "jcBYij3XjfS",
          "checksum": "c78c8eb3b01ef26709f45079d56eea2b"
        },
        {
          "type": "cssRules",
          "assetId": "jcBYij3XjfS",
          "checksum": "c78c8eb3b01ef26709f45079d56eea2b"
        },
        {
          "type": "renderModule",
          "assetId": "z_3Em9AZdlr",
          "checksum": "db5610770dc19de24c4f434e2639349c"
        },
        {
          "type": "cssRules",
          "assetId": "z_3Em9AZdlr",
          "checksum": "db5610770dc19de24c4f434e2639349c"
        },
        {
          "type": "renderModule",
          "assetId": "99SDX6BCO1E",
          "checksum": "0091d7f999ec4373bc245454504db388"
        },
        {
          "type": "cssRules",
          "assetId": "99SDX6BCO1E",
          "checksum": "0091d7f999ec4373bc245454504db388"
        },
        {
          "type": "renderModule",
          "assetId": "B86J7ZdFwg8",
          "checksum": "0d632d78bc6dca60f8c145e443ee78b1"
        },
        {
          "type": "cssRules",
          "assetId": "B86J7ZdFwg8",
          "checksum": "0d632d78bc6dca60f8c145e443ee78b1"
        },
        {
          "type": "renderModule",
          "assetId": "CvHKSzfiMk9",
          "checksum": "d67a80b197ac11f189de715625c32044"
        },
        {
          "type": "cssRules",
          "assetId": "CvHKSzfiMk9",
          "checksum": "d67a80b197ac11f189de715625c32044"
        },
        {
          "type": "renderModule",
          "assetId": "EED9Sa016sI",
          "checksum": "38a1e5094d0964c6361fc33e1fb78bd0"
        },
        {
          "type": "cssRules",
          "assetId": "EED9Sa016sI",
          "checksum": "38a1e5094d0964c6361fc33e1fb78bd0"
        },
        {
          "type": "renderModule",
          "assetId": "8HhDVoN451Z",
          "checksum": "344c9b88cf700b5f3c7a075073747022"
        },
        {
          "type": "cssRules",
          "assetId": "8HhDVoN451Z",
          "checksum": "344c9b88cf700b5f3c7a075073747022"
        },
        {
          "type": "renderModule",
          "assetId": "20t1qijZHMeb",
          "checksum": "51bac9c734a31da92137087e95c3418c"
        },
        {
          "type": "cssRules",
          "assetId": "20t1qijZHMeb",
          "checksum": "51bac9c734a31da92137087e95c3418c"
        },
        {
          "type": "renderModule",
          "assetId": "guYt0oG3Lnxr",
          "checksum": "94adbdc20387dd57741d5ab3c7736362"
        },
        {
          "type": "cssRules",
          "assetId": "guYt0oG3Lnxr",
          "checksum": "94adbdc20387dd57741d5ab3c7736362"
        },
        {
          "type": "icon",
          "assetId": "-XWTvXa_rMAk",
          "checksum": "a5b3c84c20237d338a312be6c4275a50"
        },
        {
          "type": "icon",
          "assetId": "xYs3N4j3bAy-",
          "checksum": "38c887817099171ea2a097c696706d3d"
        },
        {
          "type": "icon",
          "assetId": "TX9xlFZTxBxL",
          "checksum": "1acf06545943eb435f2942fcfca09b1a"
        },
        {
          "type": "icon",
          "assetId": "R6awgk03_9T-",
          "checksum": "1b7e15d8ad7e71e56f2072e755a38096"
        },
        {
          "type": "icon",
          "assetId": "kvhzFbMVyF6d",
          "checksum": "318e09e6f92d7502a84f9d0a167ea800"
        },
        {
          "type": "icon",
          "assetId": "oKlzkj_C5s3-",
          "checksum": "973c13546acf322690ae8d0b522f3e0c"
        },
        {
          "type": "icon",
          "assetId": "rkkAGLPs1BJO",
          "checksum": "f03ec3598db7141b013670ca7d1f6f54"
        },
        {
          "type": "icon",
          "assetId": "_toDucCYAQ53",
          "checksum": "f2fa0f1ca4571507d28a7244cb948849"
        },
        {
          "type": "icon",
          "assetId": "8OpjGr6MrJGl",
          "checksum": "dd1acb05dd040fac735656f05e9aac99"
        },
        {
          "type": "icon",
          "assetId": "w-oAZg_ph54X",
          "checksum": "9f7b49d8666502e1f05ba13b6a01090b"
        },
        {
          "type": "icon",
          "assetId": "8p-uyS7x0Bsn",
          "checksum": "2edf866f2f710d11956378e0b8b237f3"
        },
        {
          "type": "icon",
          "assetId": "yXaWtBe0AIwT",
          "checksum": "a551f5da731a86cc35a59d688531fd62"
        },
        {
          "type": "icon",
          "assetId": "4bIikSsL2Dsu",
          "checksum": "38d8f45c607c0e557e9fc83c3cbf695f"
        },
        {
          "type": "icon",
          "assetId": "nnuKAmfsCqGx",
          "checksum": "70e8387a5d636de89ad69532d7a05e14"
        },
        {
          "type": "icon",
          "assetId": "NG1s9cdllUKp",
          "checksum": "51a894744e64caf709788f90459bae3d"
        },
        {
          "type": "icon",
          "assetId": "Ssl_EbA2svTw",
          "checksum": "e542fd3238e7ae20218282ffa7190f08"
        },
        {
          "type": "icon",
          "assetId": "uzHXfLA01PUw",
          "checksum": "b2c8b26bda29195dfd63a0a698439478"
        },
        {
          "type": "icon",
          "assetId": "-5RNPNzkJDcU",
          "checksum": "d24cf98d5a5b80928bf60a412b4c7f8a"
        },
        {
          "type": "icon",
          "assetId": "xpS0XUDTVivE",
          "checksum": "42fea074a23b2b0a10e89b170bf0522d"
        },
        {
          "type": "icon",
          "assetId": "rvGSXAZ-itBg",
          "checksum": "a7c37e53e5793d35374991ceb065b002"
        },
        {
          "type": "icon",
          "assetId": "qkIVDSG7aE93",
          "checksum": "bb0e0f1f2fd52860a0e5fb8b987733f3"
        },
        {
          "type": "icon",
          "assetId": "dVyICpirHt7C",
          "checksum": "8d748a18809c0e1a9bbf9301f72c05e4"
        },
        {
          "type": "image",
          "assetId": "5d0YDAgxf-eK",
          "checksum": "f0888f38efbc239587d01f0047e2d1bb"
        },
        {
          "type": "image",
          "assetId": "unRVcoLjqaN4",
          "checksum": "df477d8044fe75bbf7abd71d042c5b2f"
        },
        {
          "type": "image",
          "assetId": "kqhxdtlfDrmB",
          "checksum": "c464a451f7532a6ae2a692b3886632fb"
        },
        {
          "type": "image",
          "assetId": "Dr3MLwOQI6yO",
          "checksum": "cdde9aeb2fc0cb6f207a502671262a21"
        },
        {
          "type": "image",
          "assetId": "mxWtNAoPQ",
          "checksum": "ca3f50ea465759c2a19f12c3fe388581"
        },
        {
          "type": "image",
          "assetId": "ZEJY9jGU4",
          "checksum": "c3cee92953fdf66878ab2138b70b5667"
        },
        {
          "type": "image",
          "assetId": "hN4P4w6ZM",
          "checksum": "06f5a54b394c469b202e9e1007476e09"
        },
        {
          "type": "image",
          "assetId": "trxQbPuWS",
          "checksum": "d7f9de3b7b209480b816fd0a8534ca4b"
        },
        {
          "type": "image",
          "assetId": "I8GWaO2f1",
          "checksum": "d3770796e597f9d0748e10c72fcbf806"
        },
        {
          "type": "image",
          "assetId": "Y7opuDfnS",
          "checksum": "12542338f61f14cc8f8b4d30f2a5d194"
        },
        {
          "assetId": "doqqBYaWyoDkH95Fx1Fcw5",
          "type": "projectCss",
          "checksum": "c142c2fe94e69cd3ff107d512c8a3110"
        },
        {
          "type": "image",
          "assetId": "U3kvDjpIB",
          "checksum": "06650327a2a62db2fc4852aae50f954c"
        }
      ]
    }
  ],
  "cliVersion": "0.1.166"
}
